
Microsoft Visual Studio Solution File, Format Version 12.00
# Visual Studio 15
VisualStudioVersion = 15.0.26228.4
MinimumVisualStudioVersion = 10.0.40219.1
Project("{FAE04EC0-301F-11D3-BF4B-00C04F79EFBC}") = "TaskManager.ServiceLayer", "TaskManager.ServiceLayer\TaskManager.ServiceLayer.csproj", "{5C90A5EE-9A51-4C2D-9E66-C9C08C481FA8}"
EndProject
Project("{FAE04EC0-301F-11D3-BF4B-00C04F79EFBC}") = "TaskManager.DataAccessLayer", "TaskManager.DataAccessLayer\TaskManager.DataAccessLayer.csproj", "{3E09BC50-49AC-4E1D-B39E-DCE655CC0105}"
EndProject
Project("{FAE04EC0-301F-11D3-BF4B-00C04F79EFBC}") = "TaskManager.BusinessLogicLayer", "TaskManager.BusinessLogicLayer\TaskManager.BusinessLogicLayer.csproj", "{D70930F6-E296-44C6-B8CC-03B8DD57B493}"
EndProject
Project("{FAE04EC0-301F-11D3-BF4B-00C04F79EFBC}") = "TaskManager.NunitTesting", "TaskManager.NunitTesting\TaskManager.NunitTesting.csproj", "{6B85DE02-020F-424E-92FF-7F4819978AA0}"
EndProject
Global
	GlobalSection(SolutionConfigurationPlatforms) = preSolution
		Debug|Any CPU = Debug|Any CPU
		Release|Any CPU = Release|Any CPU
	EndGlobalSection
	GlobalSection(ProjectConfigurationPlatforms) = postSolution
		{5C90A5EE-9A51-4C2D-9E66-C9C08C481FA8}.Debug|Any CPU.ActiveCfg = Debug|Any CPU
		{5C90A5EE-9A51-4C2D-9E66-C9C08C481FA8}.Debug|Any CPU.Build.0 = Debug|Any CPU
		{5C90A5EE-9A51-4C2D-9E66-C9C08C481FA8}.Release|Any CPU.ActiveCfg = Release|Any CPU
		{5C90A5EE-9A51-4C2D-9E66-C9C08C481FA8}.Release|Any CPU.Build.0 = Release|Any CPU
		{3E09BC50-49AC-4E1D-B39E-DCE655CC0105}.Debug|Any CPU.ActiveCfg = Debug|Any CPU
		{3E09BC50-49AC-4E1D-B39E-DCE655CC0105}.Debug|Any CPU.Build.0 = Debug|Any CPU
		{3E09BC50-49AC-4E1D-B39E-DCE655CC0105}.Release|Any CPU.ActiveCfg = Release|Any CPU
		{3E09BC50-49AC-4E1D-B39E-DCE655CC0105}.Release|Any CPU.Build.0 = Release|Any CPU
		{D70930F6-E296-44C6-B8CC-03B8DD57B493}.Debug|Any CPU.ActiveCfg = Debug|Any CPU
		{D70930F6-E296-44C6-B8CC-03B8DD57B493}.Debug|Any CPU.Build.0 = Debug|Any CPU
		{D70930F6-E296-44C6-B8CC-03B8DD57B493}.Release|Any CPU.ActiveCfg = Release|Any CPU
		{D70930F6-E296-44C6-B8CC-03B8DD57B493}.Release|Any CPU.Build.0 = Release|Any CPU
		{6B85DE02-020F-424E-92FF-7F4819978AA0}.Debug|Any CPU.ActiveCfg = Debug|Any CPU
		{6B85DE02-020F-424E-92FF-7F4819978AA0}.Debug|Any CPU.Build.0 = Debug|Any CPU
		{6B85DE02-020F-424E-92FF-7F4819978AA0}.Release|Any CPU.ActiveCfg = Release|Any CPU
		{6B85DE02-020F-424E-92FF-7F4819978AA0}.Release|Any CPU.Build.0 = Release|Any CPU
	EndGlobalSection
	GlobalSection(SolutionProperties) = preSolution
		HideSolutionNode = FALSE
	EndGlobalSection
EndGlobal
